{
  "nodes": {
    "devenv": {
      "locked": {
        "dir": "src/modules",
        "lastModified": 1776802132,
        "narHash": "sha256-2yO2SGA7zVFYKe0qyJjdg7WHuMOKNwTQmigL7ydD8hI=",
        "owner": "cachix",
        "repo": "devenv",
        "rev": "91affc7a7b6646852a0079678eadf12ac5029d9d",
        "type": "github"
      },
      "original": {
        "dir": "src/modules",
        "owner": "cachix",
        "repo": "devenv",
        "type": "github"
      }
    },
    "nixpkgs": {
      "inputs": {
        "nixpkgs-src": "nixpkgs-src"
      },
      "locked": {
        "lastModified": 1776771808,
        "narHash": "sha256-FRpraDgknF5zoCYTi9CitoIaUYb/XGiXUuVqPg9AYB4=",
        "owner": "cachix",
        "repo": "devenv-nixpkgs",
        "rev": "3a3d4ac6ea3dbf2534ef988086348b7e140b92ad",
        "type": "github"
      },
      "original": {
        "owner": "cachix",
        "ref": "rolling",
        "repo": "devenv-nixpkgs",
        "type": "github"
      }
    },
    "nixpkgs-src": {
      "flake": false,
      "locked": {
        "lastModified": 1775888245,
        "narHash": "sha256-nwASzrRDD1JBEu/o8ekKYEXm/oJW6EMCzCRdrwcLe90=",
        "owner": "NixOS",
        "repo": "nixpkgs",
        "rev": "13043924aaa7375ce482ebe2494338e058282925",
        "type": "github"
      },
      "original": {
        "owner": "NixOS",
        "ref": "nixpkgs-unstable",
        "repo": "nixpkgs",
        "type": "github"
      }
    },
    "root": {
      "inputs": {
        "devenv": "devenv",
        "nixpkgs": "nixpkgs"
      }
    }
  },
  "root": "root",
  "version": 7
}